
Microsoft Visual Studio Solution File, Format Version 12.00
# Visual Studio Version 16
VisualStudioVersion = 16.0.29009.5
MinimumVisualStudioVersion = 10.0.40219.1
Project("{FAE04EC0-301F-11D3-BF4B-00C04F79EFBC}") = "Mod1_Lab1", "Mod1_Lab1\Mod1_Lab1.csproj", "{B12F4184-4C9E-4E35-9418-2AD67C96E3B3}"
EndProject
Project("{9A19103F-16F7-4668-BE54-9A1E7A4F7556}") = "Mod1_Lab2", "Mod1_Lab2\Mod1_Lab2.csproj", "{CEB14CCE-50E6-4A3B-B5CF-1F51C21C447B}"
EndProject
Project("{2150E333-8FDC-42A3-9474-1A3956D46DE8}") = "Labs", "Labs", "{51AC08A1-BB9A-4411-9708-9B18AC2054F5}"
EndProject
Project("{2150E333-8FDC-42A3-9474-1A3956D46DE8}") = "Assessment", "Assessment", "{47C7546C-1A1A-4FD4-A988-FFD0479C089E}"
EndProject
Project("{2150E333-8FDC-42A3-9474-1A3956D46DE8}") = "Mod1", "Mod1", "{75E81D5E-6B44-43C6-BA63-8416C44F81A6}"
EndProject
Project("{FAE04EC0-301F-11D3-BF4B-00C04F79EFBC}") = "Mod1_SAL", "Mod1_SAL\Mod1_SAL.csproj", "{C482AC75-81FC-4D1A-8773-04D4F89FE686}"
EndProject
Project("{2150E333-8FDC-42A3-9474-1A3956D46DE8}") = "Mod2", "Mod2", "{B85E39F8-C88B-414E-9A2A-913354E3B185}"
EndProject
Project("{FAE04EC0-301F-11D3-BF4B-00C04F79EFBC}") = "Mod2_Lab1", "Mod2_Lab1\Mod2_Lab1.csproj", "{BF901A94-30D3-4135-B9A2-47A64F4531A2}"
EndProject
Global
	GlobalSection(SolutionConfigurationPlatforms) = preSolution
		Debug|Any CPU = Debug|Any CPU
		Release|Any CPU = Release|Any CPU
	EndGlobalSection
	GlobalSection(ProjectConfigurationPlatforms) = postSolution
		{B12F4184-4C9E-4E35-9418-2AD67C96E3B3}.Debug|Any CPU.ActiveCfg = Debug|Any CPU
		{B12F4184-4C9E-4E35-9418-2AD67C96E3B3}.Debug|Any CPU.Build.0 = Debug|Any CPU
		{B12F4184-4C9E-4E35-9418-2AD67C96E3B3}.Release|Any CPU.ActiveCfg = Release|Any CPU
		{B12F4184-4C9E-4E35-9418-2AD67C96E3B3}.Release|Any CPU.Build.0 = Release|Any CPU
		{CEB14CCE-50E6-4A3B-B5CF-1F51C21C447B}.Debug|Any CPU.ActiveCfg = Debug|Any CPU
		{CEB14CCE-50E6-4A3B-B5CF-1F51C21C447B}.Debug|Any CPU.Build.0 = Debug|Any CPU
		{CEB14CCE-50E6-4A3B-B5CF-1F51C21C447B}.Release|Any CPU.ActiveCfg = Release|Any CPU
		{CEB14CCE-50E6-4A3B-B5CF-1F51C21C447B}.Release|Any CPU.Build.0 = Release|Any CPU
		{C482AC75-81FC-4D1A-8773-04D4F89FE686}.Debug|Any CPU.ActiveCfg = Debug|Any CPU
		{C482AC75-81FC-4D1A-8773-04D4F89FE686}.Debug|Any CPU.Build.0 = Debug|Any CPU
		{C482AC75-81FC-4D1A-8773-04D4F89FE686}.Release|Any CPU.ActiveCfg = Release|Any CPU
		{C482AC75-81FC-4D1A-8773-04D4F89FE686}.Release|Any CPU.Build.0 = Release|Any CPU
		{BF901A94-30D3-4135-B9A2-47A64F4531A2}.Debug|Any CPU.ActiveCfg = Debug|Any CPU
		{BF901A94-30D3-4135-B9A2-47A64F4531A2}.Debug|Any CPU.Build.0 = Debug|Any CPU
		{BF901A94-30D3-4135-B9A2-47A64F4531A2}.Release|Any CPU.ActiveCfg = Release|Any CPU
		{BF901A94-30D3-4135-B9A2-47A64F4531A2}.Release|Any CPU.Build.0 = Release|Any CPU
	EndGlobalSection
	GlobalSection(SolutionProperties) = preSolution
		HideSolutionNode = FALSE
	EndGlobalSection
	GlobalSection(NestedProjects) = preSolution
		{B12F4184-4C9E-4E35-9418-2AD67C96E3B3} = {51AC08A1-BB9A-4411-9708-9B18AC2054F5}
		{CEB14CCE-50E6-4A3B-B5CF-1F51C21C447B} = {51AC08A1-BB9A-4411-9708-9B18AC2054F5}
		{51AC08A1-BB9A-4411-9708-9B18AC2054F5} = {75E81D5E-6B44-43C6-BA63-8416C44F81A6}
		{47C7546C-1A1A-4FD4-A988-FFD0479C089E} = {75E81D5E-6B44-43C6-BA63-8416C44F81A6}
		{C482AC75-81FC-4D1A-8773-04D4F89FE686} = {47C7546C-1A1A-4FD4-A988-FFD0479C089E}
		{BF901A94-30D3-4135-B9A2-47A64F4531A2} = {B85E39F8-C88B-414E-9A2A-913354E3B185}
	EndGlobalSection
	GlobalSection(ExtensibilityGlobals) = postSolution
		SolutionGuid = {922D6AFB-0381-4525-B325-F3E840CE3895}
	EndGlobalSection
EndGlobal
